
Microsoft Visual Studio Solution File, Format Version 12.00
# Visual Studio Version 17
VisualStudioVersion = 17.3.32819.101
MinimumVisualStudioVersion = 10.0.40219.1
Project("{FAE04EC0-301F-11D3-BF4B-00C04F79EFBC}") = "AutoDriving", "AutoDriving\AutoDriving.csproj", "{610E2061-BB5A-4389-A31F-D8C1F9E8D3F0}"
EndProject
Project("{FAE04EC0-301F-11D3-BF4B-00C04F79EFBC}") = "AutoDriving.Tests", "AutoDriving.Tests\AutoDriving.Tests.csproj", "{9C0908CC-292B-4730-8F15-7AE109BACC4D}"
EndProject
Global
	GlobalSection(SolutionConfigurationPlatforms) = preSolution
		Debug|Any CPU = Debug|Any CPU
		Release|Any CPU = Release|Any CPU
	EndGlobalSection
	GlobalSection(ProjectConfigurationPlatforms) = postSolution
		{610E2061-BB5A-4389-A31F-D8C1F9E8D3F0}.Debug|Any CPU.ActiveCfg = Debug|Any CPU
		{610E2061-BB5A-4389-A31F-D8C1F9E8D3F0}.Debug|Any CPU.Build.0 = Debug|Any CPU
		{610E2061-BB5A-4389-A31F-D8C1F9E8D3F0}.Release|Any CPU.ActiveCfg = Release|Any CPU
		{610E2061-BB5A-4389-A31F-D8C1F9E8D3F0}.Release|Any CPU.Build.0 = Release|Any CPU
		{9C0908CC-292B-4730-8F15-7AE109BACC4D}.Debug|Any CPU.ActiveCfg = Debug|Any CPU
		{9C0908CC-292B-4730-8F15-7AE109BACC4D}.Debug|Any CPU.Build.0 = Debug|Any CPU
		{9C0908CC-292B-4730-8F15-7AE109BACC4D}.Release|Any CPU.ActiveCfg = Release|Any CPU
		{9C0908CC-292B-4730-8F15-7AE109BACC4D}.Release|Any CPU.Build.0 = Release|Any CPU
	EndGlobalSection
	GlobalSection(SolutionProperties) = preSolution
		HideSolutionNode = FALSE
	EndGlobalSection
	GlobalSection(ExtensibilityGlobals) = postSolution
		SolutionGuid = {68338C3E-76D1-4904-997C-4372B238B8A9}
	EndGlobalSection
EndGlobal
